
Microsoft Visual Studio Solution File, Format Version 12.00
# Visual Studio Version 16
VisualStudioVersion = 16.0.31702.278
MinimumVisualStudioVersion = 10.0.40219.1
Project("{FAE04EC0-301F-11D3-BF4B-00C04F79EFBC}") = "ISMFirstConsoleProject", "ISMFirstConsoleProject\ISMFirstConsoleProject.csproj", "{5B48E2EE-A9A3-4770-AE7D-F0E4D410ADCE}"
EndProject
Global
	GlobalSection(SolutionConfigurationPlatforms) = preSolution
		Debug|Any CPU = Debug|Any CPU
		Release|Any CPU = Release|Any CPU
	EndGlobalSection
	GlobalSection(ProjectConfigurationPlatforms) = postSolution
		{5B48E2EE-A9A3-4770-AE7D-F0E4D410ADCE}.Debug|Any CPU.ActiveCfg = Debug|Any CPU
		{5B48E2EE-A9A3-4770-AE7D-F0E4D410ADCE}.Debug|Any CPU.Build.0 = Debug|Any CPU
		{5B48E2EE-A9A3-4770-AE7D-F0E4D410ADCE}.Release|Any CPU.ActiveCfg = Release|Any CPU
		{5B48E2EE-A9A3-4770-AE7D-F0E4D410ADCE}.Release|Any CPU.Build.0 = Release|Any CPU
	EndGlobalSection
	GlobalSection(SolutionProperties) = preSolution
		HideSolutionNode = FALSE
	EndGlobalSection
	GlobalSection(ExtensibilityGlobals) = postSolution
		SolutionGuid = {E12CD504-0452-4F6D-A927-79A8A37A7F47}
	EndGlobalSection
EndGlobal
